// !$*UTF8*$!
{
	archiveVersion = 1;
	classes = {
	};
	objectVersion = 46;
	objects = {

/* Begin PBXBuildFile section */
		046574EC1A97FA990087357C /* main.m in Sources */ = {isa = PBXBuildFile; fileRef = 046574EB1A97FA990087357C /* main.m */; };
		046574EF1A97FA990087357C /* AppDelegate.m in Sources */ = {isa = PBXBuildFile; fileRef = 046574EE1A97FA990087357C /* AppDelegate.m */; };
		046574F21A97FA990087357C /* NovaScotiaFarming.xcdatamodeld in Sources */ = {isa = PBXBuildFile; fileRef = 046574F01A97FA990087357C /* NovaScotiaFarming.xcdatamodeld */; };
		046574F51A97FA990087357C /* ViewController.m in Sources */ = {isa = PBXBuildFile; fileRef = 046574F41A97FA990087357C /* ViewController.m */; };
		046574F81A97FA990087357C /* Main.storyboard in Resources */ = {isa = PBXBuildFile; fileRef = 046574F61A97FA990087357C /* Main.storyboard */; };
		046574FA1A97FA990087357C /* Images.xcassets in Resources */ = {isa = PBXBuildFile; fileRef = 046574F91A97FA990087357C /* Images.xcassets */; };
		046574FD1A97FA990087357C /* LaunchScreen.xib in Resources */ = {isa = PBXBuildFile; fileRef = 046574FB1A97FA990087357C /* LaunchScreen.xib */; };
		046575091A97FA990087357C /* NovaScotiaFarmingTests.m in Sources */ = {isa = PBXBuildFile; fileRef = 046575081A97FA990087357C /* NovaScotiaFarmingTests.m */; };
		046575131A97FF570087357C /* DataLoader.m in Sources */ = {isa = PBXBuildFile; fileRef = 046575121A97FF570087357C /* DataLoader.m */; };
		046575161A9800DF0087357C /* PED_NS_DTL_50K.gml in Resources */ = {isa = PBXBuildFile; fileRef = 046575151A9800DF0087357C /* PED_NS_DTL_50K.gml */; };
		046575181A9802650087357C /* DDFileReader.m in Sources */ = {isa = PBXBuildFile; fileRef = 046575171A9802650087357C /* DDFileReader.m */; };
		0465751B1A980B900087357C /* MapKit.framework in Frameworks */ = {isa = PBXBuildFile; fileRef = 0465751A1A980B900087357C /* MapKit.framework */; };
		0465751D1A980E770087357C /* CoreData.framework in Frameworks */ = {isa = PBXBuildFile; fileRef = 0465751C1A980E770087357C /* CoreData.framework */; };
		046575201A9812220087357C /* SoilSectionManagedObject.m in Sources */ = {isa = PBXBuildFile; fileRef = 0465751F1A9812220087357C /* SoilSectionManagedObject.m */; };
		046575231A9818080087357C /* ShapePointManagedObject.m in Sources */ = {isa = PBXBuildFile; fileRef = 046575221A9818080087357C /* ShapePointManagedObject.m */; };
		046575291A98BC7F0087357C /* PED_NS_DTL_CMP.csv in Resources */ = {isa = PBXBuildFile; fileRef = 046575251A98BC7F0087357C /* PED_NS_DTL_CMP.csv */; };
		0465752A1A98BC7F0087357C /* PED_NS_DTL_50K.csv in Resources */ = {isa = PBXBuildFile; fileRef = 046575261A98BC7F0087357C /* PED_NS_DTL_50K.csv */; };
		0465752B1A98BC7F0087357C /* PED_NS_DTL_SLF.csv in Resources */ = {isa = PBXBuildFile; fileRef = 046575271A98BC7F0087357C /* PED_NS_DTL_SLF.csv */; };
		0465752C1A98BC7F0087357C /* PED_NS_DTL_SNF.csv in Resources */ = {isa = PBXBuildFile; fileRef = 046575281A98BC7F0087357C /* PED_NS_DTL_SNF.csv */; };
		0465752E1A98BFD80087357C /* NovaScotiaMapView.m in Sources */ = {isa = PBXBuildFile; fileRef = 0465752D1A98BFD80087357C /* NovaScotiaMapView.m */; };
		046575311A98DB330087357C /* SoilSectionKeyManagedObject.m in Sources */ = {isa = PBXBuildFile; fileRef = 046575301A98DB330087357C /* SoilSectionKeyManagedObject.m */; };
		046575341A98DDDF0087357C /* SoilCMPManagedObject.m in Sources */ = {isa = PBXBuildFile; fileRef = 046575331A98DDDF0087357C /* SoilCMPManagedObject.m */; };
		046575381A9902700087357C /* SoilTypeManagedObject.m in Sources */ = {isa = PBXBuildFile; fileRef = 046575371A9902700087357C /* SoilTypeManagedObject.m */; };
/* End PBXBuildFile section */

/* Begin PBXContainerItemProxy section */
		046575031A97FA990087357C /* PBXContainerItemProxy */ = {
			isa = PBXContainerItemProxy;
			containerPortal = 046574DE1A97FA990087357C /* Project object */;
			proxyType = 1;
			remoteGlobalIDString = 046574E51A97FA990087357C;
			remoteInfo = NovaScotiaFarming;
		};
/* End PBXContainerItemProxy section */

/* Begin PBXFileReference section */
		046574E61A97FA990087357C /* NovaScotiaFarming.app */ = {isa = PBXFileReference; explicitFileType = wrapper.application; includeInIndex = 0; path = NovaScotiaFarming.app; sourceTree = BUILT_PRODUCTS_DIR; };
		046574EA1A97FA990087357C /* Info.plist */ = {isa = PBXFileReference; lastKnownFileType = text.plist.xml; path = Info.plist; sourceTree = "<group>"; };
		046574EB1A97FA990087357C /* main.m */ = {isa = PBXFileReference; lastKnownFileType = sourcecode.c.objc; path = main.m; sourceTree = "<group>"; };
		046574ED1A97FA990087357C /* AppDelegate.h */ = {isa = PBXFileReference; lastKnownFileType = sourcecode.c.h; path = AppDelegate.h; sourceTree = "<group>"; };
		046574EE1A97FA990087357C /* AppDelegate.m */ = {isa = PBXFileReference; lastKnownFileType = sourcecode.c.objc; path = AppDelegate.m; sourceTree = "<group>"; };
		046574F11A97FA990087357C /* NovaScotiaFarming.xcdatamodel */ = {isa = PBXFileReference; lastKnownFileType = wrapper.xcdatamodel; path = NovaScotiaFarming.xcdatamodel; sourceTree = "<group>"; };
		046574F31A97FA990087357C /* ViewController.h */ = {isa = PBXFileReference; lastKnownFileType = sourcecode.c.h; path = ViewController.h; sourceTree = "<group>"; };
		046574F41A97FA990087357C /* ViewController.m */ = {isa = PBXFileReference; lastKnownFileType = sourcecode.c.objc; path = ViewController.m; sourceTree = "<group>"; };
		046574F71A97FA990087357C /* Base */ = {isa = PBXFileReference; lastKnownFileType = file.storyboard; name = Base; path = Base.lproj/Main.storyboard; sourceTree = "<group>"; };
		046574F91A97FA990087357C /* Images.xcassets */ = {isa = PBXFileReference; lastKnownFileType = folder.assetcatalog; path = Images.xcassets; sourceTree = "<group>"; };
		046574FC1A97FA990087357C /* Base */ = {isa = PBXFileReference; lastKnownFileType = file.xib; name = Base; path = Base.lproj/LaunchScreen.xib; sourceTree = "<group>"; };
		046575021A97FA990087357C /* NovaScotiaFarmingTests.xctest */ = {isa = PBXFileReference; explicitFileType = wrapper.cfbundle; includeInIndex = 0; path = NovaScotiaFarmingTests.xctest; sourceTree = BUILT_PRODUCTS_DIR; };
		046575071A97FA990087357C /* Info.plist */ = {isa = PBXFileReference; lastKnownFileType = text.plist.xml; path = Info.plist; sourceTree = "<group>"; };
		046575081A97FA990087357C /* NovaScotiaFarmingTests.m */ = {isa = PBXFileReference; lastKnownFileType = sourcecode.c.objc; path = NovaScotiaFarmingTests.m; sourceTree = "<group>"; };
		046575121A97FF570087357C /* DataLoader.m */ = {isa = PBXFileReference; fileEncoding = 4; lastKnownFileType = sourcecode.c.objc; path = DataLoader.m; sourceTree = "<group>"; };
		046575141A97FF6B0087357C /* DataLoader.h */ = {isa = PBXFileReference; lastKnownFileType = sourcecode.c.h; path = DataLoader.h; sourceTree = "<group>"; };
		046575151A9800DF0087357C /* PED_NS_DTL_50K.gml */ = {isa = PBXFileReference; fileEncoding = 4; lastKnownFileType = text.xml; path = PED_NS_DTL_50K.gml; sourceTree = "<group>"; };
		046575171A9802650087357C /* DDFileReader.m */ = {isa = PBXFileReference; fileEncoding = 4; lastKnownFileType = sourcecode.c.objc; path = DDFileReader.m; sourceTree = "<group>"; };
		046575191A98028D0087357C /* DDFileReader.h */ = {isa = PBXFileReference; lastKnownFileType = sourcecode.c.h; path = DDFileReader.h; sourceTree = "<group>"; };
		0465751A1A980B900087357C /* MapKit.framework */ = {isa = PBXFileReference; lastKnownFileType = wrapper.framework; name = MapKit.framework; path = System/Library/Frameworks/MapKit.framework; sourceTree = SDKROOT; };
		0465751C1A980E770087357C /* CoreData.framework */ = {isa = PBXFileReference; lastKnownFileType = wrapper.framework; name = CoreData.framework; path = System/Library/Frameworks/CoreData.framework; sourceTree = SDKROOT; };
		0465751E1A9811250087357C /* SoilSectionManagedObject.h */ = {isa = PBXFileReference; fileEncoding = 4; lastKnownFileType = sourcecode.c.h; path = SoilSectionManagedObject.h; sourceTree = "<group>"; };
		0465751F1A9812220087357C /* SoilSectionManagedObject.m */ = {isa = PBXFileReference; fileEncoding = 4; lastKnownFileType = sourcecode.c.objc; path = SoilSectionManagedObject.m; sourceTree = "<group>"; };
		046575211A9812A10087357C /* ShapePointManagedObject.h */ = {isa = PBXFileReference; fileEncoding = 4; lastKnownFileType = sourcecode.c.h; path = ShapePointManagedObject.h; sourceTree = "<group>"; };
		046575221A9818080087357C /* ShapePointManagedObject.m */ = {isa = PBXFileReference; fileEncoding = 4; lastKnownFileType = sourcecode.c.objc; path = ShapePointManagedObject.m; sourceTree = "<group>"; };
		046575251A98BC7F0087357C /* PED_NS_DTL_CMP.csv */ = {isa = PBXFileReference; fileEncoding = 4; lastKnownFileType = text; name = PED_NS_DTL_CMP.csv; path = ../../../Downloads/ns/PED_NS_DTL_CMP.csv; sourceTree = "<group>"; };
		046575261A98BC7F0087357C /* PED_NS_DTL_50K.csv */ = {isa = PBXFileReference; fileEncoding = 4; lastKnownFileType = text; name = PED_NS_DTL_50K.csv; path = ../../../Downloads/ns/PED_NS_DTL_50K.csv; sourceTree = "<group>"; };
		046575271A98BC7F0087357C /* PED_NS_DTL_SLF.csv */ = {isa = PBXFileReference; fileEncoding = 4; lastKnownFileType = text; name = PED_NS_DTL_SLF.csv; path = ../../../Downloads/ns/PED_NS_DTL_SLF.csv; sourceTree = "<group>"; };
		046575281A98BC7F0087357C /* PED_NS_DTL_SNF.csv */ = {isa = PBXFileReference; fileEncoding = 4; lastKnownFileType = text; name = PED_NS_DTL_SNF.csv; path = ../../../Downloads/ns/PED_NS_DTL_SNF.csv; sourceTree = "<group>"; };
		0465752D1A98BFD80087357C /* NovaScotiaMapView.m */ = {isa = PBXFileReference; fileEncoding = 4; lastKnownFileType = sourcecode.c.objc; path = NovaScotiaMapView.m; sourceTree = "<group>"; };
		0465752F1A98BFEB0087357C /* NovaScotiaMapView.h */ = {isa = PBXFileReference; lastKnownFileType = sourcecode.c.h; path = NovaScotiaMapView.h; sourceTree = "<group>"; };
		046575301A98DB330087357C /* SoilSectionKeyManagedObject.m */ = {isa = PBXFileReference; fileEncoding = 4; lastKnownFileType = sourcecode.c.objc; path = SoilSectionKeyManagedObject.m; sourceTree = "<group>"; };
		046575321A98DB590087357C /* SoilSectionKeyManagedObject.h */ = {isa = PBXFileReference; fileEncoding = 4; lastKnownFileType = sourcecode.c.h; path = SoilSectionKeyManagedObject.h; sourceTree = "<group>"; };
		046575331A98DDDF0087357C /* SoilCMPManagedObject.m */ = {isa = PBXFileReference; fileEncoding = 4; lastKnownFileType = sourcecode.c.objc; path = SoilCMPManagedObject.m; sourceTree = "<group>"; };
		046575351A98DDF60087357C /* SoilCMPManagedObject.h */ = {isa = PBXFileReference; fileEncoding = 4; lastKnownFileType = sourcecode.c.h; path = SoilCMPManagedObject.h; sourceTree = "<group>"; };
		046575361A99025C0087357C /* SoilTypeManagedObject.h */ = {isa = PBXFileReference; lastKnownFileType = sourcecode.c.h; path = SoilTypeManagedObject.h; sourceTree = "<group>"; };
		046575371A9902700087357C /* SoilTypeManagedObject.m */ = {isa = PBXFileReference; fileEncoding = 4; lastKnownFileType = sourcecode.c.objc; path = SoilTypeManagedObject.m; sourceTree = "<group>"; };
/* End PBXFileReference section */

/* Begin PBXFrameworksBuildPhase section */
		046574E31A97FA990087357C /* Frameworks */ = {
			isa = PBXFrameworksBuildPhase;
			buildActionMask = 2147483647;
			files = (
				0465751D1A980E770087357C /* CoreData.framework in Frameworks */,
				0465751B1A980B900087357C /* MapKit.framework in Frameworks */,
			);
			runOnlyForDeploymentPostprocessing = 0;
		};
		046574FF1A97FA990087357C /* Frameworks */ = {
			isa = PBXFrameworksBuildPhase;
			buildActionMask = 2147483647;
			files = (
			);
			runOnlyForDeploymentPostprocessing = 0;
		};
/* End PBXFrameworksBuildPhase section */

/* Begin PBXGroup section */
		046574DD1A97FA990087357C = {
			isa = PBXGroup;
			children = (
				0465751C1A980E770087357C /* CoreData.framework */,
				0465751A1A980B900087357C /* MapKit.framework */,
				046574E81A97FA990087357C /* NovaScotiaFarming */,
				046575051A97FA990087357C /* NovaScotiaFarmingTests */,
				046574E71A97FA990087357C /* Products */,
			);
			sourceTree = "<group>";
		};
		046574E71A97FA990087357C /* Products */ = {
			isa = PBXGroup;
			children = (
				046574E61A97FA990087357C /* NovaScotiaFarming.app */,
				046575021A97FA990087357C /* NovaScotiaFarmingTests.xctest */,
			);
			name = Products;
			sourceTree = "<group>";
		};
		046574E81A97FA990087357C /* NovaScotiaFarming */ = {
			isa = PBXGroup;
			children = (
				046575241A98BC4A0087357C /* DataFiles */,
				0465751E1A9811250087357C /* SoilSectionManagedObject.h */,
				0465751F1A9812220087357C /* SoilSectionManagedObject.m */,
				046575211A9812A10087357C /* ShapePointManagedObject.h */,
				046575221A9818080087357C /* ShapePointManagedObject.m */,
				046575321A98DB590087357C /* SoilSectionKeyManagedObject.h */,
				046575301A98DB330087357C /* SoilSectionKeyManagedObject.m */,
				046575351A98DDF60087357C /* SoilCMPManagedObject.h */,
				046575331A98DDDF0087357C /* SoilCMPManagedObject.m */,
				046575361A99025C0087357C /* SoilTypeManagedObject.h */,
				046575371A9902700087357C /* SoilTypeManagedObject.m */,
				0465752F1A98BFEB0087357C /* NovaScotiaMapView.h */,
				0465752D1A98BFD80087357C /* NovaScotiaMapView.m */,
				046575141A97FF6B0087357C /* DataLoader.h */,
				046575121A97FF570087357C /* DataLoader.m */,
				046575191A98028D0087357C /* DDFileReader.h */,
				046575171A9802650087357C /* DDFileReader.m */,
				046574ED1A97FA990087357C /* AppDelegate.h */,
				046574EE1A97FA990087357C /* AppDelegate.m */,
				046574F31A97FA990087357C /* ViewController.h */,
				046574F41A97FA990087357C /* ViewController.m */,
				046574F61A97FA990087357C /* Main.storyboard */,
				046574F91A97FA990087357C /* Images.xcassets */,
				046574FB1A97FA990087357C /* LaunchScreen.xib */,
				046574F01A97FA990087357C /* NovaScotiaFarming.xcdatamodeld */,
				046574E91A97FA990087357C /* Supporting Files */,
			);
			path = NovaScotiaFarming;
			sourceTree = "<group>";
		};
		046574E91A97FA990087357C /* Supporting Files */ = {
			isa = PBXGroup;
			children = (
				046574EA1A97FA990087357C /* Info.plist */,
				046574EB1A97FA990087357C /* main.m */,
			);
			name = "Supporting Files";
			sourceTree = "<group>";
		};
		046575051A97FA990087357C /* NovaScotiaFarmingTests */ = {
			isa = PBXGroup;
			children = (
				046575081A97FA990087357C /* NovaScotiaFarmingTests.m */,
				046575061A97FA990087357C /* Supporting Files */,
			);
			path = NovaScotiaFarmingTests;
			sourceTree = "<group>";
		};
		046575061A97FA990087357C /* Supporting Files */ = {
			isa = PBXGroup;
			children = (
				046575071A97FA990087357C /* Info.plist */,
			);
			name = "Supporting Files";
			sourceTree = "<group>";
		};
		046575241A98BC4A0087357C /* DataFiles */ = {
			isa = PBXGroup;
			children = (
				046575251A98BC7F0087357C /* PED_NS_DTL_CMP.csv */,
				046575261A98BC7F0087357C /* PED_NS_DTL_50K.csv */,
				046575271A98BC7F0087357C /* PED_NS_DTL_SLF.csv */,
				046575281A98BC7F0087357C /* PED_NS_DTL_SNF.csv */,
				046575151A9800DF0087357C /* PED_NS_DTL_50K.gml */,
			);
			name = DataFiles;
			sourceTree = "<group>";
		};
/* End PBXGroup section */

/* Begin PBXNativeTarget section */
		046574E51A97FA990087357C /* NovaScotiaFarming */ = {
			isa = PBXNativeTarget;
			buildConfigurationList = 0465750C1A97FA990087357C /* Build configuration list for PBXNativeTarget "NovaScotiaFarming" */;
			buildPhases = (
				046574E21A97FA990087357C /* Sources */,
				046574E31A97FA990087357C /* Frameworks */,
				046574E41A97FA990087357C /* Resources */,
			);
			buildRules = (
			);
			dependencies = (
			);
			name = NovaScotiaFarming;
			productName = NovaScotiaFarming;
			productReference = 046574E61A97FA990087357C /* NovaScotiaFarming.app */;
			productType = "com.apple.product-type.application";
		};
		046575011A97FA990087357C /* NovaScotiaFarmingTests */ = {
			isa = PBXNativeTarget;
			buildConfigurationList = 0465750F1A97FA990087357C /* Build configuration list for PBXNativeTarget "NovaScotiaFarmingTests" */;
			buildPhases = (
				046574FE1A97FA990087357C /* Sources */,
				046574FF1A97FA990087357C /* Frameworks */,
				046575001A97FA990087357C /* Resources */,
			);
			buildRules = (
			);
			dependencies = (
				046575041A97FA990087357C /* PBXTargetDependency */,
			);
			name = NovaScotiaFarmingTests;
			productName = NovaScotiaFarmingTests;
			productReference = 046575021A97FA990087357C /* NovaScotiaFarmingTests.xctest */;
			productType = "com.apple.product-type.bundle.unit-test";
		};
/* End PBXNativeTarget section */

/* Begin PBXProject section */
		046574DE1A97FA990087357C /* Project object */ = {
			isa = PBXProject;
			attributes = {
				LastUpgradeCheck = 0610;
				ORGANIZATIONNAME = KNOWTime;
				TargetAttributes = {
					046574E51A97FA990087357C = {
						CreatedOnToolsVersion = 6.1.1;
					};
					046575011A97FA990087357C = {
						CreatedOnToolsVersion = 6.1.1;
						TestTargetID = 046574E51A97FA990087357C;
					};
				};
			};
			buildConfigurationList = 046574E11A97FA990087357C /* Build configuration list for PBXProject "NovaScotiaFarming" */;
			compatibilityVersion = "Xcode 3.2";
			developmentRegion = English;
			hasScannedForEncodings = 0;
			knownRegions = (
				en,
				Base,
			);
			mainGroup = 046574DD1A97FA990087357C;
			productRefGroup = 046574E71A97FA990087357C /* Products */;
			projectDirPath = "";
			projectRoot = "";
			targets = (
				046574E51A97FA990087357C /* NovaScotiaFarming */,
				046575011A97FA990087357C /* NovaScotiaFarmingTests */,
			);
		};
/* End PBXProject section */

/* Begin PBXResourcesBuildPhase section */
		046574E41A97FA990087357C /* Resources */ = {
			isa = PBXResourcesBuildPhase;
			buildActionMask = 2147483647;
			files = (
				046574F81A97FA990087357C /* Main.storyboard in Resources */,
				046574FD1A97FA990087357C /* LaunchScreen.xib in Resources */,
				046574FA1A97FA990087357C /* Images.xcassets in Resources */,
				046575291A98BC7F0087357C /* PED_NS_DTL_CMP.csv in Resources */,
				046575161A9800DF0087357C /* PED_NS_DTL_50K.gml in Resources */,
				0465752B1A98BC7F0087357C /* PED_NS_DTL_SLF.csv in Resources */,
				0465752C1A98BC7F0087357C /* PED_NS_DTL_SNF.csv in Resources */,
				0465752A1A98BC7F0087357C /* PED_NS_DTL_50K.csv in Resources */,
			);
			runOnlyForDeploymentPostprocessing = 0;
		};
		046575001A97FA990087357C /* Resources */ = {
			isa = PBXResourcesBuildPhase;
			buildActionMask = 2147483647;
			files = (
			);
			runOnlyForDeploymentPostprocessing = 0;
		};
/* End PBXResourcesBuildPhase section */

/* Begin PBXSourcesBuildPhase section */
		046574E21A97FA990087357C /* Sources */ = {
			isa = PBXSourcesBuildPhase;
			buildActionMask = 2147483647;
			files = (
				046575201A9812220087357C /* SoilSectionManagedObject.m in Sources */,
				046574EF1A97FA990087357C /* AppDelegate.m in Sources */,
				046574F21A97FA990087357C /* NovaScotiaFarming.xcdatamodeld in Sources */,
				046575381A9902700087357C /* SoilTypeManagedObject.m in Sources */,
				046574F51A97FA990087357C /* ViewController.m in Sources */,
				046574EC1A97FA990087357C /* main.m in Sources */,
				046575311A98DB330087357C /* SoilSectionKeyManagedObject.m in Sources */,
				046575181A9802650087357C /* DDFileReader.m in Sources */,
				0465752E1A98BFD80087357C /* NovaScotiaMapView.m in Sources */,
				046575341A98DDDF0087357C /* SoilCMPManagedObject.m in Sources */,
				046575131A97FF570087357C /* DataLoader.m in Sources */,
				046575231A9818080087357C /* ShapePointManagedObject.m in Sources */,
			);
			runOnlyForDeploymentPostprocessing = 0;
		};
		046574FE1A97FA990087357C /* Sources */ = {
			isa = PBXSourcesBuildPhase;
			buildActionMask = 2147483647;
			files = (
				046575091A97FA990087357C /* NovaScotiaFarmingTests.m in Sources */,
			);
			runOnlyForDeploymentPostprocessing = 0;
		};
/* End PBXSourcesBuildPhase section */

/* Begin PBXTargetDependency section */
		046575041A97FA990087357C /* PBXTargetDependency */ = {
			isa = PBXTargetDependency;
			target = 046574E51A97FA990087357C /* NovaScotiaFarming */;
			targetProxy = 046575031A97FA990087357C /* PBXContainerItemProxy */;
		};
/* End PBXTargetDependency section */

/* Begin PBXVariantGroup section */
		046574F61A97FA990087357C /* Main.storyboard */ = {
			isa = PBXVariantGroup;
			children = (
				046574F71A97FA990087357C /* Base */,
			);
			name = Main.storyboard;
			sourceTree = "<group>";
		};
		046574FB1A97FA990087357C /* LaunchScreen.xib */ = {
			isa = PBXVariantGroup;
			children = (
				046574FC1A97FA990087357C /* Base */,
			);
			name = LaunchScreen.xib;
			sourceTree = "<group>";
		};
/* End PBXVariantGroup section */

/* Begin XCBuildConfiguration section */
		0465750A1A97FA990087357C /* Debug */ = {
			isa = XCBuildConfiguration;
			buildSettings = {
				ALWAYS_SEARCH_USER_PATHS = NO;
				CLANG_CXX_LANGUAGE_STANDARD = "gnu++0x";
				CLANG_CXX_LIBRARY = "libc++";
				CLANG_ENABLE_MODULES = YES;
				CLANG_ENABLE_OBJC_ARC = YES;
				CLANG_WARN_BOOL_CONVERSION = YES;
				CLANG_WARN_CONSTANT_CONVERSION = YES;
				CLANG_WARN_DIRECT_OBJC_ISA_USAGE = YES_ERROR;
				CLANG_WARN_EMPTY_BODY = YES;
				CLANG_WARN_ENUM_CONVERSION = YES;
				CLANG_WARN_INT_CONVERSION = YES;
				CLANG_WARN_OBJC_ROOT_CLASS = YES_ERROR;
				CLANG_WARN_UNREACHABLE_CODE = YES;
				CLANG_WARN__DUPLICATE_METHOD_MATCH = YES;
				"CODE_SIGN_IDENTITY[sdk=iphoneos*]" = "iPhone Developer";
				COPY_PHASE_STRIP = NO;
				ENABLE_STRICT_OBJC_MSGSEND = YES;
				GCC_C_LANGUAGE_STANDARD = gnu99;
				GCC_DYNAMIC_NO_PIC = NO;
				GCC_OPTIMIZATION_LEVEL = 0;
				GCC_PREPROCESSOR_DEFINITIONS = (
					"DEBUG=1",
					"$(inherited)",
				);
				GCC_SYMBOLS_PRIVATE_EXTERN = NO;
				GCC_WARN_64_TO_32_BIT_CONVERSION = YES;
				GCC_WARN_ABOUT_RETURN_TYPE = YES_ERROR;
				GCC_WARN_UNDECLARED_SELECTOR = YES;
				GCC_WARN_UNINITIALIZED_AUTOS = YES_AGGRESSIVE;
				GCC_WARN_UNUSED_FUNCTION = YES;
				GCC_WARN_UNUSED_VARIABLE = YES;
				IPHONEOS_DEPLOYMENT_TARGET = 8.1;
				MTL_ENABLE_DEBUG_INFO = YES;
				ONLY_ACTIVE_ARCH = YES;
				SDKROOT = iphoneos;
				TARGETED_DEVICE_FAMILY = "1,2";
			};
			name = Debug;
		};
		0465750B1A97FA990087357C /* Release */ = {
			isa = XCBuildConfiguration;
			buildSettings = {
				ALWAYS_SEARCH_USER_PATHS = NO;
				CLANG_CXX_LANGUAGE_STANDARD = "gnu++0x";
				CLANG_CXX_LIBRARY = "libc++";
				CLANG_ENABLE_MODULES = YES;
				CLANG_ENABLE_OBJC_ARC = YES;
				CLANG_WARN_BOOL_CONVERSION = YES;
				CLANG_WARN_CONSTANT_CONVERSION = YES;
				CLANG_WARN_DIRECT_OBJC_ISA_USAGE = YES_ERROR;
				CLANG_WARN_EMPTY_BODY = YES;
				CLANG_WARN_ENUM_CONVERSION = YES;
				CLANG_WARN_INT_CONVERSION = YES;
				CLANG_WARN_OBJC_ROOT_CLASS = YES_ERROR;
				CLANG_WARN_UNREACHABLE_CODE = YES;
				CLANG_WARN__DUPLICATE_METHOD_MATCH = YES;
				"CODE_SIGN_IDENTITY[sdk=iphoneos*]" = "iPhone Developer";
				COPY_PHASE_STRIP = YES;
				ENABLE_NS_ASSERTIONS = NO;
				ENABLE_STRICT_OBJC_MSGSEND = YES;
				GCC_C_LANGUAGE_STANDARD = gnu99;
				GCC_WARN_64_TO_32_BIT_CONVERSION = YES;
				GCC_WARN_ABOUT_RETURN_TYPE = YES_ERROR;
				GCC_WARN_UNDECLARED_SELECTOR = YES;
				GCC_WARN_UNINITIALIZED_AUTOS = YES_AGGRESSIVE;
				GCC_WARN_UNUSED_FUNCTION = YES;
				GCC_WARN_UNUSED_VARIABLE = YES;
				IPHONEOS_DEPLOYMENT_TARGET = 8.1;
				MTL_ENABLE_DEBUG_INFO = NO;
				SDKROOT = iphoneos;
				TARGETED_DEVICE_FAMILY = "1,2";
				VALIDATE_PRODUCT = YES;
			};
			name = Release;
		};
		0465750D1A97FA990087357C /* Debug */ = {
			isa = XCBuildConfiguration;
			buildSettings = {
				ASSETCATALOG_COMPILER_APPICON_NAME = AppIcon;
				INFOPLIST_FILE = NovaScotiaFarming/Info.plist;
				IPHONEOS_DEPLOYMENT_TARGET = 7.0;
				LD_RUNPATH_SEARCH_PATHS = "$(inherited) @executable_path/Frameworks";
				PRODUCT_NAME = "$(TARGET_NAME)";
			};
			name = Debug;
		};
		0465750E1A97FA990087357C /* Release */ = {
			isa = XCBuildConfiguration;
			buildSettings = {
				ASSETCATALOG_COMPILER_APPICON_NAME = AppIcon;
				INFOPLIST_FILE = NovaScotiaFarming/Info.plist;
				IPHONEOS_DEPLOYMENT_TARGET = 7.0;
				LD_RUNPATH_SEARCH_PATHS = "$(inherited) @executable_path/Frameworks";
				PRODUCT_NAME = "$(TARGET_NAME)";
			};
			name = Release;
		};
		046575101A97FA990087357C /* Debug */ = {
			isa = XCBuildConfiguration;
			buildSettings = {
				BUNDLE_LOADER = "$(TEST_HOST)";
				FRAMEWORK_SEARCH_PATHS = (
					"$(SDKROOT)/Developer/Library/Frameworks",
					"$(inherited)",
				);
				GCC_PREPROCESSOR_DEFINITIONS = (
					"DEBUG=1",
					"$(inherited)",
				);
				INFOPLIST_FILE = NovaScotiaFarmingTests/Info.plist;
				LD_RUNPATH_SEARCH_PATHS = "$(inherited) @executable_path/Frameworks @loader_path/Frameworks";
				PRODUCT_NAME = "$(TARGET_NAME)";
				TEST_HOST = "$(BUILT_PRODUCTS_DIR)/NovaScotiaFarming.app/NovaScotiaFarming";
			};
			name = Debug;
		};
		046575111A97FA990087357C /* Release */ = {
			isa = XCBuildConfiguration;
			buildSettings = {
				BUNDLE_LOADER = "$(TEST_HOST)";
				FRAMEWORK_SEARCH_PATHS = (
					"$(SDKROOT)/Developer/Library/Frameworks",
					"$(inherited)",
				);
				INFOPLIST_FILE = NovaScotiaFarmingTests/Info.plist;
				LD_RUNPATH_SEARCH_PATHS = "$(inherited) @executable_path/Frameworks @loader_path/Frameworks";
				PRODUCT_NAME = "$(TARGET_NAME)";
				TEST_HOST = "$(BUILT_PRODUCTS_DIR)/NovaScotiaFarming.app/NovaScotiaFarming";
			};
			name = Release;
		};
/* End XCBuildConfiguration section */

/* Begin XCConfigurationList section */
		046574E11A97FA990087357C /* Build configuration list for PBXProject "NovaScotiaFarming" */ = {
			isa = XCConfigurationList;
			buildConfigurations = (
				0465750A1A97FA990087357C /* Debug */,
				0465750B1A97FA990087357C /* Release */,
			);
			defaultConfigurationIsVisible = 0;
			defaultConfigurationName = Release;
		};
		0465750C1A97FA990087357C /* Build configuration list for PBXNativeTarget "NovaScotiaFarming" */ = {
			isa = XCConfigurationList;
			buildConfigurations = (
				0465750D1A97FA990087357C /* Debug */,
				0465750E1A97FA990087357C /* Release */,
			);
			defaultConfigurationIsVisible = 0;
			defaultConfigurationName = Release;
		};
		0465750F1A97FA990087357C /* Build configuration list for PBXNativeTarget "NovaScotiaFarmingTests" */ = {
			isa = XCConfigurationList;
			buildConfigurations = (
				046575101A97FA990087357C /* Debug */,
				046575111A97FA990087357C /* Release */,
			);
			defaultConfigurationIsVisible = 0;
			defaultConfigurationName = Release;
		};
/* End XCConfigurationList section */

/* Begin XCVersionGroup section */
		046574F01A97FA990087357C /* NovaScotiaFarming.xcdatamodeld */ = {
			isa = XCVersionGroup;
			children = (
				046574F11A97FA990087357C /* NovaScotiaFarming.xcdatamodel */,
			);
			currentVersion = 046574F11A97FA990087357C /* NovaScotiaFarming.xcdatamodel */;
			path = NovaScotiaFarming.xcdatamodeld;
			sourceTree = "<group>";
			versionGroupType = wrapper.xcdatamodel;
		};
/* End XCVersionGroup section */
	};
	rootObject = 046574DE1A97FA990087357C /* Project object */;
}
